
Microsoft Visual Studio Solution File, Format Version 12.00
# Visual Studio 14
VisualStudioVersion = 14.0.25420.1
MinimumVisualStudioVersion = 10.0.40219.1
Project("{FAE04EC0-301F-11D3-BF4B-00C04F79EFBC}") = "DeckRatings", "DeckRatings\DeckRatings.csproj", "{65B6AEA8-6114-4C1F-8A22-F70076BA2E16}"
EndProject
Project("{2150E333-8FDC-42A3-9474-1A3956D46DE8}") = "Solution Items", "Solution Items", "{0C50CEF8-15A1-4F48-B270-26988A7C3FD3}"
	ProjectSection(SolutionItems) = preProject
		..\.gitignore = ..\.gitignore
		..\deploy.cmd = ..\deploy.cmd
		..\README.md = ..\README.md
		SharedAssemblyInfo.cs = SharedAssemblyInfo.cs
	EndProjectSection
EndProject
Project("{FAE04EC0-301F-11D3-BF4B-00C04F79EFBC}") = "WikiaClientLibrary", "WikiaClientLibrary\WikiaClientLibrary.csproj", "{955DFA07-F730-4AB2-992D-3CA920DF2A3A}"
EndProject
Project("{FAE04EC0-301F-11D3-BF4B-00C04F79EFBC}") = "RatingPurge", "RatingPurge\RatingPurge.csproj", "{8F008C75-390B-4642-B33F-51B6B128DFC0}"
EndProject
Project("{FAE04EC0-301F-11D3-BF4B-00C04F79EFBC}") = "GetRatings", "GetRatings\GetRatings.csproj", "{1FA22C5A-85CD-47B5-93A1-CEF41EBEE449}"
EndProject
Project("{FAE04EC0-301F-11D3-BF4B-00C04F79EFBC}") = "CardNames", "CardNames\CardNames.csproj", "{BA4375C3-B9CB-4BD1-B291-1111A1610A3A}"
EndProject
Project("{FAE04EC0-301F-11D3-BF4B-00C04F79EFBC}") = "WikiToolsShared", "WikiToolsShared\WikiToolsShared.csproj", "{59D9FA86-9352-4E25-82C5-48D252228A5F}"
EndProject
Global
	GlobalSection(SolutionConfigurationPlatforms) = preSolution
		Debug|Any CPU = Debug|Any CPU
		Release|Any CPU = Release|Any CPU
	EndGlobalSection
	GlobalSection(ProjectConfigurationPlatforms) = postSolution
		{65B6AEA8-6114-4C1F-8A22-F70076BA2E16}.Debug|Any CPU.ActiveCfg = Debug|Any CPU
		{65B6AEA8-6114-4C1F-8A22-F70076BA2E16}.Debug|Any CPU.Build.0 = Debug|Any CPU
		{65B6AEA8-6114-4C1F-8A22-F70076BA2E16}.Release|Any CPU.ActiveCfg = Release|Any CPU
		{65B6AEA8-6114-4C1F-8A22-F70076BA2E16}.Release|Any CPU.Build.0 = Release|Any CPU
		{955DFA07-F730-4AB2-992D-3CA920DF2A3A}.Debug|Any CPU.ActiveCfg = Debug|Any CPU
		{955DFA07-F730-4AB2-992D-3CA920DF2A3A}.Debug|Any CPU.Build.0 = Debug|Any CPU
		{955DFA07-F730-4AB2-992D-3CA920DF2A3A}.Release|Any CPU.ActiveCfg = Release|Any CPU
		{955DFA07-F730-4AB2-992D-3CA920DF2A3A}.Release|Any CPU.Build.0 = Release|Any CPU
		{8F008C75-390B-4642-B33F-51B6B128DFC0}.Debug|Any CPU.ActiveCfg = Debug|Any CPU
		{8F008C75-390B-4642-B33F-51B6B128DFC0}.Debug|Any CPU.Build.0 = Debug|Any CPU
		{8F008C75-390B-4642-B33F-51B6B128DFC0}.Release|Any CPU.ActiveCfg = Release|Any CPU
		{8F008C75-390B-4642-B33F-51B6B128DFC0}.Release|Any CPU.Build.0 = Release|Any CPU
		{1FA22C5A-85CD-47B5-93A1-CEF41EBEE449}.Debug|Any CPU.ActiveCfg = Debug|Any CPU
		{1FA22C5A-85CD-47B5-93A1-CEF41EBEE449}.Debug|Any CPU.Build.0 = Debug|Any CPU
		{1FA22C5A-85CD-47B5-93A1-CEF41EBEE449}.Release|Any CPU.ActiveCfg = Release|Any CPU
		{1FA22C5A-85CD-47B5-93A1-CEF41EBEE449}.Release|Any CPU.Build.0 = Release|Any CPU
		{BA4375C3-B9CB-4BD1-B291-1111A1610A3A}.Debug|Any CPU.ActiveCfg = Debug|Any CPU
		{BA4375C3-B9CB-4BD1-B291-1111A1610A3A}.Debug|Any CPU.Build.0 = Debug|Any CPU
		{BA4375C3-B9CB-4BD1-B291-1111A1610A3A}.Release|Any CPU.ActiveCfg = Release|Any CPU
		{BA4375C3-B9CB-4BD1-B291-1111A1610A3A}.Release|Any CPU.Build.0 = Release|Any CPU
		{59D9FA86-9352-4E25-82C5-48D252228A5F}.Debug|Any CPU.ActiveCfg = Debug|Any CPU
		{59D9FA86-9352-4E25-82C5-48D252228A5F}.Debug|Any CPU.Build.0 = Debug|Any CPU
		{59D9FA86-9352-4E25-82C5-48D252228A5F}.Release|Any CPU.ActiveCfg = Release|Any CPU
		{59D9FA86-9352-4E25-82C5-48D252228A5F}.Release|Any CPU.Build.0 = Release|Any CPU
	EndGlobalSection
	GlobalSection(SolutionProperties) = preSolution
		HideSolutionNode = FALSE
	EndGlobalSection
EndGlobal
